
Microsoft Visual Studio Solution File, Format Version 11.00
# Visual Studio 2010
Project("{FAE04EC0-301F-11D3-BF4B-00C04F79EFBC}") = "Assembly-CSharp", "Assembly-CSharp.csproj", "{3e1e33b2-70a5-147c-e817-f12ce19b9c42}"
EndProject
Project("{FAE04EC0-301F-11D3-BF4B-00C04F79EFBC}") = "Oculus.VR", "Oculus.VR.csproj", "{5cc81ac1-eadf-b493-6951-6c440614ba22}"
EndProject
Project("{FAE04EC0-301F-11D3-BF4B-00C04F79EFBC}") = "Assembly-CSharp-Editor", "Assembly-CSharp-Editor.csproj", "{90590f72-329c-b770-d261-74c6b9bee135}"
EndProject
Project("{FAE04EC0-301F-11D3-BF4B-00C04F79EFBC}") = "Oculus.VR.Scripts.Editor", "Oculus.VR.Scripts.Editor.csproj", "{8666561a-9769-63e3-ea3b-c816cc420d3e}"
EndProject
Project("{FAE04EC0-301F-11D3-BF4B-00C04F79EFBC}") = "Oculus.VR.Editor", "Oculus.VR.Editor.csproj", "{03abdbe6-68dd-2604-e2e9-a9549b66de0c}"
EndProject
Global
	GlobalSection(SolutionConfigurationPlatforms) = preSolution
		Debug|Any CPU = Debug|Any CPU
		Release|Any CPU = Release|Any CPU
	EndGlobalSection
	GlobalSection(ProjectConfigurationPlatforms) = postSolution
		{3e1e33b2-70a5-147c-e817-f12ce19b9c42}.Debug|Any CPU.ActiveCfg = Debug|Any CPU
		{3e1e33b2-70a5-147c-e817-f12ce19b9c42}.Debug|Any CPU.Build.0 = Debug|Any CPU
		{3e1e33b2-70a5-147c-e817-f12ce19b9c42}.Release|Any CPU.ActiveCfg = Release|Any CPU
		{3e1e33b2-70a5-147c-e817-f12ce19b9c42}.Release|Any CPU.Build.0 = Release|Any CPU
		{5cc81ac1-eadf-b493-6951-6c440614ba22}.Debug|Any CPU.ActiveCfg = Debug|Any CPU
		{5cc81ac1-eadf-b493-6951-6c440614ba22}.Debug|Any CPU.Build.0 = Debug|Any CPU
		{5cc81ac1-eadf-b493-6951-6c440614ba22}.Release|Any CPU.ActiveCfg = Release|Any CPU
		{5cc81ac1-eadf-b493-6951-6c440614ba22}.Release|Any CPU.Build.0 = Release|Any CPU
		{90590f72-329c-b770-d261-74c6b9bee135}.Debug|Any CPU.ActiveCfg = Debug|Any CPU
		{90590f72-329c-b770-d261-74c6b9bee135}.Debug|Any CPU.Build.0 = Debug|Any CPU
		{90590f72-329c-b770-d261-74c6b9bee135}.Release|Any CPU.ActiveCfg = Release|Any CPU
		{90590f72-329c-b770-d261-74c6b9bee135}.Release|Any CPU.Build.0 = Release|Any CPU
		{8666561a-9769-63e3-ea3b-c816cc420d3e}.Debug|Any CPU.ActiveCfg = Debug|Any CPU
		{8666561a-9769-63e3-ea3b-c816cc420d3e}.Debug|Any CPU.Build.0 = Debug|Any CPU
		{8666561a-9769-63e3-ea3b-c816cc420d3e}.Release|Any CPU.ActiveCfg = Release|Any CPU
		{8666561a-9769-63e3-ea3b-c816cc420d3e}.Release|Any CPU.Build.0 = Release|Any CPU
		{03abdbe6-68dd-2604-e2e9-a9549b66de0c}.Debug|Any CPU.ActiveCfg = Debug|Any CPU
		{03abdbe6-68dd-2604-e2e9-a9549b66de0c}.Debug|Any CPU.Build.0 = Debug|Any CPU
		{03abdbe6-68dd-2604-e2e9-a9549b66de0c}.Release|Any CPU.ActiveCfg = Release|Any CPU
		{03abdbe6-68dd-2604-e2e9-a9549b66de0c}.Release|Any CPU.Build.0 = Release|Any CPU
	EndGlobalSection
	GlobalSection(SolutionProperties) = preSolution
		HideSolutionNode = FALSE
	EndGlobalSection
EndGlobal
