
Microsoft Visual Studio Solution File, Format Version 11.00
# Visual Studio 2010
Project("{FAE04EC0-301F-11D3-BF4B-00C04F79EFBC}") = "Assembly-CSharp", "Assembly-CSharp.csproj", "{B2331E3E-A570-7C14-E817-F12CE19B9C42}"
EndProject
Project("{FAE04EC0-301F-11D3-BF4B-00C04F79EFBC}") = "Oculus.VR", "Oculus.VR.csproj", "{C11AC85C-DFEA-93B4-6951-6C440614BA22}"
EndProject
Project("{FAE04EC0-301F-11D3-BF4B-00C04F79EFBC}") = "Assembly-CSharp-Editor", "Assembly-CSharp-Editor.csproj", "{720F5990-9C32-70B7-D261-74C6B9BEE135}"
EndProject
Project("{FAE04EC0-301F-11D3-BF4B-00C04F79EFBC}") = "Oculus.VR.Scripts.Editor", "Oculus.VR.Scripts.Editor.csproj", "{1A566686-6997-E363-EA3B-C816CC420D3E}"
EndProject
Project("{FAE04EC0-301F-11D3-BF4B-00C04F79EFBC}") = "Oculus.VR.Editor", "Oculus.VR.Editor.csproj", "{E6DBAB03-DD68-0426-E2E9-A9549B66DE0C}"
EndProject
Global
	GlobalSection(SolutionConfigurationPlatforms) = preSolution
		Debug|Any CPU = Debug|Any CPU
		Release|Any CPU = Release|Any CPU
	EndGlobalSection
	GlobalSection(ProjectConfigurationPlatforms) = postSolution
		{B2331E3E-A570-7C14-E817-F12CE19B9C42}.Debug|Any CPU.ActiveCfg = Debug|Any CPU
		{B2331E3E-A570-7C14-E817-F12CE19B9C42}.Debug|Any CPU.Build.0 = Debug|Any CPU
		{B2331E3E-A570-7C14-E817-F12CE19B9C42}.Release|Any CPU.ActiveCfg = Release|Any CPU
		{B2331E3E-A570-7C14-E817-F12CE19B9C42}.Release|Any CPU.Build.0 = Release|Any CPU
		{C11AC85C-DFEA-93B4-6951-6C440614BA22}.Debug|Any CPU.ActiveCfg = Debug|Any CPU
		{C11AC85C-DFEA-93B4-6951-6C440614BA22}.Debug|Any CPU.Build.0 = Debug|Any CPU
		{C11AC85C-DFEA-93B4-6951-6C440614BA22}.Release|Any CPU.ActiveCfg = Release|Any CPU
		{C11AC85C-DFEA-93B4-6951-6C440614BA22}.Release|Any CPU.Build.0 = Release|Any CPU
		{720F5990-9C32-70B7-D261-74C6B9BEE135}.Debug|Any CPU.ActiveCfg = Debug|Any CPU
		{720F5990-9C32-70B7-D261-74C6B9BEE135}.Debug|Any CPU.Build.0 = Debug|Any CPU
		{720F5990-9C32-70B7-D261-74C6B9BEE135}.Release|Any CPU.ActiveCfg = Release|Any CPU
		{720F5990-9C32-70B7-D261-74C6B9BEE135}.Release|Any CPU.Build.0 = Release|Any CPU
		{1A566686-6997-E363-EA3B-C816CC420D3E}.Debug|Any CPU.ActiveCfg = Debug|Any CPU
		{1A566686-6997-E363-EA3B-C816CC420D3E}.Debug|Any CPU.Build.0 = Debug|Any CPU
		{1A566686-6997-E363-EA3B-C816CC420D3E}.Release|Any CPU.ActiveCfg = Release|Any CPU
		{1A566686-6997-E363-EA3B-C816CC420D3E}.Release|Any CPU.Build.0 = Release|Any CPU
		{E6DBAB03-DD68-0426-E2E9-A9549B66DE0C}.Debug|Any CPU.ActiveCfg = Debug|Any CPU
		{E6DBAB03-DD68-0426-E2E9-A9549B66DE0C}.Debug|Any CPU.Build.0 = Debug|Any CPU
		{E6DBAB03-DD68-0426-E2E9-A9549B66DE0C}.Release|Any CPU.ActiveCfg = Release|Any CPU
		{E6DBAB03-DD68-0426-E2E9-A9549B66DE0C}.Release|Any CPU.Build.0 = Release|Any CPU
	EndGlobalSection
	GlobalSection(SolutionProperties) = preSolution
		HideSolutionNode = FALSE
	EndGlobalSection
EndGlobal
